
Microsoft Visual Studio Solution File, Format Version 12.00
# Visual Studio Version 17
VisualStudioVersion = 17.1.32210.238
MinimumVisualStudioVersion = 10.0.40219.1
Project("{FAE04EC0-301F-11D3-BF4B-00C04F79EFBC}") = "Sistema", "Sistema.csproj", "{B63D77A7-1237-4440-8797-DFC0A2142EA6}"
EndProject
Global
	GlobalSection(SolutionConfigurationPlatforms) = preSolution
		Debug|Any CPU = Debug|Any CPU
		Release|Any CPU = Release|Any CPU
	EndGlobalSection
	GlobalSection(ProjectConfigurationPlatforms) = postSolution
		{B63D77A7-1237-4440-8797-DFC0A2142EA6}.Debug|Any CPU.ActiveCfg = Debug|Any CPU
		{B63D77A7-1237-4440-8797-DFC0A2142EA6}.Debug|Any CPU.Build.0 = Debug|Any CPU
		{B63D77A7-1237-4440-8797-DFC0A2142EA6}.Release|Any CPU.ActiveCfg = Release|Any CPU
		{B63D77A7-1237-4440-8797-DFC0A2142EA6}.Release|Any CPU.Build.0 = Release|Any CPU
	EndGlobalSection
	GlobalSection(SolutionProperties) = preSolution
		HideSolutionNode = FALSE
	EndGlobalSection
	GlobalSection(ExtensibilityGlobals) = postSolution
		SolutionGuid = {035F8762-99D5-45AF-B614-E2CA50E86456}
	EndGlobalSection
EndGlobal
